// !$*UTF8*$!
{
	archiveVersion = 1;
	classes = {
	};
	objectVersion = 48;
	objects = {

/* Begin PBXBuildFile section */
		54069D2B209B4F3A00CF3922 /* ScratchCardCell.xib in Resources */ = {isa = PBXBuildFile; fileRef = 54069D2A209B4F3A00CF3922 /* ScratchCardCell.xib */; };
		54069D2D209C736E00CF3922 /* ScratchCardsMenuCell.xib in Resources */ = {isa = PBXBuildFile; fileRef = 54069D2C209C736E00CF3922 /* ScratchCardsMenuCell.xib */; };
		54069D30209C766C00CF3922 /* BatteryLevelCell.swift in Sources */ = {isa = PBXBuildFile; fileRef = 54069D2F209C766C00CF3922 /* BatteryLevelCell.swift */; };
		54069D32209C768100CF3922 /* ScratchCardCell.swift in Sources */ = {isa = PBXBuildFile; fileRef = 54069D31209C768100CF3922 /* ScratchCardCell.swift */; };
		54069D34209C768E00CF3922 /* ScratchCardsMenuCell.swift in Sources */ = {isa = PBXBuildFile; fileRef = 54069D33209C768D00CF3922 /* ScratchCardsMenuCell.swift */; };
		54069D36209C89D100CF3922 /* Battery.swift in Sources */ = {isa = PBXBuildFile; fileRef = 54069D35209C89D100CF3922 /* Battery.swift */; };
		54069D38209DBE8600CF3922 /* ScratchCard.swift in Sources */ = {isa = PBXBuildFile; fileRef = 54069D37209DBE8600CF3922 /* ScratchCard.swift */; };
		5410BA4A20A05B0B00A7570D /* BatteryUpgrades.json in Resources */ = {isa = PBXBuildFile; fileRef = 5410BA4920A05B0B00A7570D /* BatteryUpgrades.json */; };
		5410BA4C20A0645C00A7570D /* UpgradeStore.swift in Sources */ = {isa = PBXBuildFile; fileRef = 5410BA4B20A0645C00A7570D /* UpgradeStore.swift */; };
		541C7562207FABB600D268C4 /* UpgradeViewCell.swift in Sources */ = {isa = PBXBuildFile; fileRef = 541C7561207FABB600D268C4 /* UpgradeViewCell.swift */; };
		541C7564207FAC0000D268C4 /* UpgradeViewCell.xib in Resources */ = {isa = PBXBuildFile; fileRef = 541C7563207FAC0000D268C4 /* UpgradeViewCell.xib */; };
		541C756D20876ECD00D268C4 /* Model.swift in Sources */ = {isa = PBXBuildFile; fileRef = 541C756C20876ECD00D268C4 /* Model.swift */; };
		541C756F2087729200D268C4 /* Double+Extension.swift in Sources */ = {isa = PBXBuildFile; fileRef = 541C756E2087729200D268C4 /* Double+Extension.swift */; };
		541C75712087B6D200D268C4 /* TextLabel.swift in Sources */ = {isa = PBXBuildFile; fileRef = 541C75702087B6D200D268C4 /* TextLabel.swift */; };
		541ED46120C6D78200DB4F4D /* GameCenterControllerDelegate.swift in Sources */ = {isa = PBXBuildFile; fileRef = 541ED46020C6D78200DB4F4D /* GameCenterControllerDelegate.swift */; };
		541ED46320C7CA2200DB4F4D /* BuyButton.swift in Sources */ = {isa = PBXBuildFile; fileRef = 541ED46220C7CA2200DB4F4D /* BuyButton.swift */; };
		541ED46720C7DB8600DB4F4D /* ScaledWidthImageView.swift in Sources */ = {isa = PBXBuildFile; fileRef = 541ED46620C7DB8600DB4F4D /* ScaledWidthImageView.swift */; };
		541ED46920C812AA00DB4F4D /* GoogleService-Info.plist in Resources */ = {isa = PBXBuildFile; fileRef = 541ED46820C812A900DB4F4D /* GoogleService-Info.plist */; };
		541ED46B20C8232800DB4F4D /* RewardAdDelegate.swift in Sources */ = {isa = PBXBuildFile; fileRef = 541ED46A20C8232800DB4F4D /* RewardAdDelegate.swift */; };
		541ED46D20C8655700DB4F4D /* StoreReviewHelper.swift in Sources */ = {isa = PBXBuildFile; fileRef = 541ED46C20C8655600DB4F4D /* StoreReviewHelper.swift */; };
		541ED46F20C865F200DB4F4D /* Constants.swift in Sources */ = {isa = PBXBuildFile; fileRef = 541ED46E20C865F200DB4F4D /* Constants.swift */; };
		542609FF20B5DBC800808199 /* CloudViewController.swift in Sources */ = {isa = PBXBuildFile; fileRef = 542609FE20B5DBC800808199 /* CloudViewController.swift */; };
		54260A0120B5E56100808199 /* CGFloat+Extension.swift in Sources */ = {isa = PBXBuildFile; fileRef = 54260A0020B5E56100808199 /* CGFloat+Extension.swift */; };
		54260A0320B5ED8A00808199 /* TurbineViewController.swift in Sources */ = {isa = PBXBuildFile; fileRef = 54260A0220B5ED8900808199 /* TurbineViewController.swift */; };
		54260A0520B5F6E600808199 /* StatsView.xib in Resources */ = {isa = PBXBuildFile; fileRef = 54260A0420B5F6E600808199 /* StatsView.xib */; };
		54260A0720B5F91600808199 /* StatsView.swift in Sources */ = {isa = PBXBuildFile; fileRef = 54260A0620B5F91600808199 /* StatsView.swift */; };
		54260A0920B6005700808199 /* TableViewController.swift in Sources */ = {isa = PBXBuildFile; fileRef = 54260A0820B6005700808199 /* TableViewController.swift */; };
		5427D85320C9277A005F91CA /* ExtraButtonsViewController.swift in Sources */ = {isa = PBXBuildFile; fileRef = 5427D85220C9277A005F91CA /* ExtraButtonsViewController.swift */; };
		5427D85520C92874005F91CA /* ExtraButton.swift in Sources */ = {isa = PBXBuildFile; fileRef = 5427D85420C92874005F91CA /* ExtraButton.swift */; };
		5427D85720C93EBC005F91CA /* PopUpView.swift in Sources */ = {isa = PBXBuildFile; fileRef = 5427D85620C93EBC005F91CA /* PopUpView.swift */; };
		5427D85920C93ED0005F91CA /* PopUpView.xib in Resources */ = {isa = PBXBuildFile; fileRef = 5427D85820C93ED0005F91CA /* PopUpView.xib */; };
		5427D85B20C94DB3005F91CA /* PopUpViewsController.swift in Sources */ = {isa = PBXBuildFile; fileRef = 5427D85A20C94DB3005F91CA /* PopUpViewsController.swift */; };
		5427D85D20C97723005F91CA /* BonusMultiplierHelper.swift in Sources */ = {isa = PBXBuildFile; fileRef = 5427D85C20C97723005F91CA /* BonusMultiplierHelper.swift */; };
		5427D85F20C9AA6E005F91CA /* View.xib in Resources */ = {isa = PBXBuildFile; fileRef = 5427D85E20C9AA6E005F91CA /* View.xib */; };
		542D4CA220D6A5E300F19DD7 /* IAPHandler.swift in Sources */ = {isa = PBXBuildFile; fileRef = 542D4CA120D6A5E300F19DD7 /* IAPHandler.swift */; };
		542D4CA420D6AB0A00F19DD7 /* StoreKit.framework in Frameworks */ = {isa = PBXBuildFile; fileRef = 542D4CA320D6AB0900F19DD7 /* StoreKit.framework */; };
		542D4CA620D6AB1500F19DD7 /* GameKit.framework in Frameworks */ = {isa = PBXBuildFile; fileRef = 542D4CA520D6AB1500F19DD7 /* GameKit.framework */; };
		54343B0A20E7F2C80089669F /* ColorScheme.swift in Sources */ = {isa = PBXBuildFile; fileRef = 54343B0920E7F2C80089669F /* ColorScheme.swift */; };
		54343B0C20E7F8E50089669F /* UIImage+Extension.swift in Sources */ = {isa = PBXBuildFile; fileRef = 54343B0B20E7F8E50089669F /* UIImage+Extension.swift */; };
		54503C4120CE853500E50047 /* UITableView+Extension.swift in Sources */ = {isa = PBXBuildFile; fileRef = 54503C4020CE853500E50047 /* UITableView+Extension.swift */; };
		54503C4520CFD3DB00E50047 /* .gitignore in Resources */ = {isa = PBXBuildFile; fileRef = 54503C4420CFD3DB00E50047 /* .gitignore */; };
		54503C4720CFD56300E50047 /* APIKeys.swift in Sources */ = {isa = PBXBuildFile; fileRef = 54503C4620CFD56300E50047 /* APIKeys.swift */; };
		54503C4920CFD8F800E50047 /* UpgradeCellData.swift in Sources */ = {isa = PBXBuildFile; fileRef = 54503C4820CFD8F800E50047 /* UpgradeCellData.swift */; };
		54503C4B20D010C200E50047 /* ExtraUpgrade.swift in Sources */ = {isa = PBXBuildFile; fileRef = 54503C4A20D010C200E50047 /* ExtraUpgrade.swift */; };
		5452C92E207D3FA5002DB75E /* UIView+Extension.swift in Sources */ = {isa = PBXBuildFile; fileRef = 5452C92D207D3FA5002DB75E /* UIView+Extension.swift */; };
		545317B820889FCD005EA09C /* Dictionary+Extension.swift in Sources */ = {isa = PBXBuildFile; fileRef = 545317B720889FCD005EA09C /* Dictionary+Extension.swift */; };
		545317BA2088E8D3005EA09C /* WindUpgrades.json in Resources */ = {isa = PBXBuildFile; fileRef = 545317B92088E8D3005EA09C /* WindUpgrades.json */; };
		545317BC2088EA39005EA09C /* Upgrade.swift in Sources */ = {isa = PBXBuildFile; fileRef = 545317BB2088EA39005EA09C /* Upgrade.swift */; };
		545317BE2088EF14005EA09C /* PowerUpgrades.json in Resources */ = {isa = PBXBuildFile; fileRef = 545317BD2088EF13005EA09C /* PowerUpgrades.json */; };
		545317C02088EF27005EA09C /* PriceUpgrades.json in Resources */ = {isa = PBXBuildFile; fileRef = 545317BF2088EF27005EA09C /* PriceUpgrades.json */; };
		545C763620ADFC280012F741 /* ExtraUpgrades.json in Resources */ = {isa = PBXBuildFile; fileRef = 545C763520ADFC270012F741 /* ExtraUpgrades.json */; };
		546A20A4207509A5009A3EC0 /* AppDelegate.swift in Sources */ = {isa = PBXBuildFile; fileRef = 546A20A3207509A5009A3EC0 /* AppDelegate.swift */; };
		546A20A6207509A5009A3EC0 /* GameViewController.swift in Sources */ = {isa = PBXBuildFile; fileRef = 546A20A5207509A5009A3EC0 /* GameViewController.swift */; };
		546A20A9207509A5009A3EC0 /* Main.storyboard in Resources */ = {isa = PBXBuildFile; fileRef = 546A20A7207509A5009A3EC0 /* Main.storyboard */; };
		546A20AB207509A5009A3EC0 /* Assets.xcassets in Resources */ = {isa = PBXBuildFile; fileRef = 546A20AA207509A5009A3EC0 /* Assets.xcassets */; };
		546A20AE207509A5009A3EC0 /* LaunchScreen.storyboard in Resources */ = {isa = PBXBuildFile; fileRef = 546A20AC207509A5009A3EC0 /* LaunchScreen.storyboard */; };
		5482544820DA86ED004018E9 /* UpgradesDataSource.swift in Sources */ = {isa = PBXBuildFile; fileRef = 5482544720DA86ED004018E9 /* UpgradesDataSource.swift */; };
		5482544A20DD1155004018E9 /* UpgradesDelegate.swift in Sources */ = {isa = PBXBuildFile; fileRef = 5482544920DD1155004018E9 /* UpgradesDelegate.swift */; };
		5482544C20DD127F004018E9 /* UpgradeCellDelegate.swift in Sources */ = {isa = PBXBuildFile; fileRef = 5482544B20DD127F004018E9 /* UpgradeCellDelegate.swift */; };
		5482545020E0FD45004018E9 /* BatteryDataSource.swift in Sources */ = {isa = PBXBuildFile; fileRef = 5482544F20E0FD45004018E9 /* BatteryDataSource.swift */; };
		54ABFD58209F359300E7F582 /* ScratchCardBuyCell.xib in Resources */ = {isa = PBXBuildFile; fileRef = 54ABFD57209F359300E7F582 /* ScratchCardBuyCell.xib */; };
		54ABFD5A209F4B5000E7F582 /* ScratchCardBuyCell.swift in Sources */ = {isa = PBXBuildFile; fileRef = 54ABFD59209F4B5000E7F582 /* ScratchCardBuyCell.swift */; };
		54C29D4D20A5FDB70085FE2C /* LightningStoreView.xib in Resources */ = {isa = PBXBuildFile; fileRef = 54C29D4C20A5FDB70085FE2C /* LightningStoreView.xib */; };
		54C29D4F20AC4E6B0085FE2C /* LightningStoreView.swift in Sources */ = {isa = PBXBuildFile; fileRef = 54C29D4E20AC4E6B0085FE2C /* LightningStoreView.swift */; };
		54C29D5120AC5B740085FE2C /* LightningBuyView.xib in Resources */ = {isa = PBXBuildFile; fileRef = 54C29D5020AC5B740085FE2C /* LightningBuyView.xib */; };
		54C29D5320AC5B950085FE2C /* LightningBuyView.swift in Sources */ = {isa = PBXBuildFile; fileRef = 54C29D5220AC5B950085FE2C /* LightningBuyView.swift */; };
		54D9210720A4555800B45402 /* ScratchCardStore.swift in Sources */ = {isa = PBXBuildFile; fileRef = 54D9210620A4555700B45402 /* ScratchCardStore.swift */; };
		54D9210920A4CAE300B45402 /* ScratchCards.json in Resources */ = {isa = PBXBuildFile; fileRef = 54D9210820A4CAE200B45402 /* ScratchCards.json */; };
		54DB2B98209A4640003B8B0B /* BatteryLevelCell.xib in Resources */ = {isa = PBXBuildFile; fileRef = 54DB2B97209A463F003B8B0B /* BatteryLevelCell.xib */; };
		54DB2B9A209A5D32003B8B0B /* ButtonCell.xib in Resources */ = {isa = PBXBuildFile; fileRef = 54DB2B99209A5D31003B8B0B /* ButtonCell.xib */; };
		54DB2B9C209AFBA8003B8B0B /* ButtonCell.swift in Sources */ = {isa = PBXBuildFile; fileRef = 54DB2B9B209AFBA8003B8B0B /* ButtonCell.swift */; };
		54E4937120CA643300165A37 /* OnboardingHelper.swift in Sources */ = {isa = PBXBuildFile; fileRef = 54E4937020CA643300165A37 /* OnboardingHelper.swift */; };
		54E4937320CA6A8200165A37 /* OnboardingView.xib in Resources */ = {isa = PBXBuildFile; fileRef = 54E4937220CA6A8200165A37 /* OnboardingView.xib */; };
		54EC24FA20EA2C8900C7CB4D /* GameLevel.swift in Sources */ = {isa = PBXBuildFile; fileRef = 54EC24F920EA2C8900C7CB4D /* GameLevel.swift */; };
		54EC24FC20EA384100C7CB4D /* TurbineView.swift in Sources */ = {isa = PBXBuildFile; fileRef = 54EC24FB20EA384100C7CB4D /* TurbineView.swift */; };
		54FA5285207E520300D2E78E /* CloudView.swift in Sources */ = {isa = PBXBuildFile; fileRef = 54FA5284207E520300D2E78E /* CloudView.swift */; };
		54FA5288207E558D00D2E78E /* BackgroundView.swift in Sources */ = {isa = PBXBuildFile; fileRef = 54FA5287207E558D00D2E78E /* BackgroundView.swift */; };
		A8DF3BF5DE201A17D089B77C /* Pods_WindTurbine.framework in Frameworks */ = {isa = PBXBuildFile; fileRef = A6106C2BADDBB2A98D7DA030 /* Pods_WindTurbine.framework */; };
/* End PBXBuildFile section */

/* Begin PBXFileReference section */
		54069D2A209B4F3A00CF3922 /* ScratchCardCell.xib */ = {isa = PBXFileReference; lastKnownFileType = file.xib; path = ScratchCardCell.xib; sourceTree = "<group>"; };
		54069D2C209C736E00CF3922 /* ScratchCardsMenuCell.xib */ = {isa = PBXFileReference; lastKnownFileType = file.xib; path = ScratchCardsMenuCell.xib; sourceTree = "<group>"; };
		54069D2F209C766C00CF3922 /* BatteryLevelCell.swift */ = {isa = PBXFileReference; lastKnownFileType = sourcecode.swift; path = BatteryLevelCell.swift; sourceTree = "<group>"; };
		54069D31209C768100CF3922 /* ScratchCardCell.swift */ = {isa = PBXFileReference; lastKnownFileType = sourcecode.swift; path = ScratchCardCell.swift; sourceTree = "<group>"; };
		54069D33209C768D00CF3922 /* ScratchCardsMenuCell.swift */ = {isa = PBXFileReference; lastKnownFileType = sourcecode.swift; path = ScratchCardsMenuCell.swift; sourceTree = "<group>"; };
		54069D35209C89D100CF3922 /* Battery.swift */ = {isa = PBXFileReference; lastKnownFileType = sourcecode.swift; path = Battery.swift; sourceTree = "<group>"; };
		54069D37209DBE8600CF3922 /* ScratchCard.swift */ = {isa = PBXFileReference; lastKnownFileType = sourcecode.swift; path = ScratchCard.swift; sourceTree = "<group>"; };
		5410BA4920A05B0B00A7570D /* BatteryUpgrades.json */ = {isa = PBXFileReference; fileEncoding = 4; lastKnownFileType = text.json; path = BatteryUpgrades.json; sourceTree = "<group>"; };
		5410BA4B20A0645C00A7570D /* UpgradeStore.swift */ = {isa = PBXFileReference; lastKnownFileType = sourcecode.swift; path = UpgradeStore.swift; sourceTree = "<group>"; };
		541C7561207FABB600D268C4 /* UpgradeViewCell.swift */ = {isa = PBXFileReference; lastKnownFileType = sourcecode.swift; path = UpgradeViewCell.swift; sourceTree = "<group>"; };
		541C7563207FAC0000D268C4 /* UpgradeViewCell.xib */ = {isa = PBXFileReference; lastKnownFileType = file.xib; path = UpgradeViewCell.xib; sourceTree = "<group>"; };
		541C756C20876ECD00D268C4 /* Model.swift */ = {isa = PBXFileReference; lastKnownFileType = sourcecode.swift; path = Model.swift; sourceTree = "<group>"; };
		541C756E2087729200D268C4 /* Double+Extension.swift */ = {isa = PBXFileReference; lastKnownFileType = sourcecode.swift; path = "Double+Extension.swift"; sourceTree = "<group>"; };
		541C75702087B6D200D268C4 /* TextLabel.swift */ = {isa = PBXFileReference; lastKnownFileType = sourcecode.swift; path = TextLabel.swift; sourceTree = "<group>"; };
		541ED46020C6D78200DB4F4D /* GameCenterControllerDelegate.swift */ = {isa = PBXFileReference; lastKnownFileType = sourcecode.swift; path = GameCenterControllerDelegate.swift; sourceTree = "<group>"; };
		541ED46220C7CA2200DB4F4D /* BuyButton.swift */ = {isa = PBXFileReference; lastKnownFileType = sourcecode.swift; path = BuyButton.swift; sourceTree = "<group>"; };
		541ED46620C7DB8600DB4F4D /* ScaledWidthImageView.swift */ = {isa = PBXFileReference; lastKnownFileType = sourcecode.swift; path = ScaledWidthImageView.swift; sourceTree = "<group>"; };
		541ED46820C812A900DB4F4D /* GoogleService-Info.plist */ = {isa = PBXFileReference; fileEncoding = 4; lastKnownFileType = text.plist.xml; path = "GoogleService-Info.plist"; sourceTree = "<group>"; };
		541ED46A20C8232800DB4F4D /* RewardAdDelegate.swift */ = {isa = PBXFileReference; lastKnownFileType = sourcecode.swift; path = RewardAdDelegate.swift; sourceTree = "<group>"; };
		541ED46C20C8655600DB4F4D /* StoreReviewHelper.swift */ = {isa = PBXFileReference; lastKnownFileType = sourcecode.swift; path = StoreReviewHelper.swift; sourceTree = "<group>"; };
		541ED46E20C865F200DB4F4D /* Constants.swift */ = {isa = PBXFileReference; lastKnownFileType = sourcecode.swift; path = Constants.swift; sourceTree = "<group>"; };
		542609FE20B5DBC800808199 /* CloudViewController.swift */ = {isa = PBXFileReference; lastKnownFileType = sourcecode.swift; path = CloudViewController.swift; sourceTree = "<group>"; };
		54260A0020B5E56100808199 /* CGFloat+Extension.swift */ = {isa = PBXFileReference; lastKnownFileType = sourcecode.swift; path = "CGFloat+Extension.swift"; sourceTree = "<group>"; };
		54260A0220B5ED8900808199 /* TurbineViewController.swift */ = {isa = PBXFileReference; lastKnownFileType = sourcecode.swift; path = TurbineViewController.swift; sourceTree = "<group>"; };
		54260A0420B5F6E600808199 /* StatsView.xib */ = {isa = PBXFileReference; lastKnownFileType = file.xib; path = StatsView.xib; sourceTree = "<group>"; };
		54260A0620B5F91600808199 /* StatsView.swift */ = {isa = PBXFileReference; lastKnownFileType = sourcecode.swift; path = StatsView.swift; sourceTree = "<group>"; };
		54260A0820B6005700808199 /* TableViewController.swift */ = {isa = PBXFileReference; lastKnownFileType = sourcecode.swift; path = TableViewController.swift; sourceTree = "<group>"; };
		5427D85220C9277A005F91CA /* ExtraButtonsViewController.swift */ = {isa = PBXFileReference; lastKnownFileType = sourcecode.swift; path = ExtraButtonsViewController.swift; sourceTree = "<group>"; };
		5427D85420C92874005F91CA /* ExtraButton.swift */ = {isa = PBXFileReference; lastKnownFileType = sourcecode.swift; path = ExtraButton.swift; sourceTree = "<group>"; };
		5427D85620C93EBC005F91CA /* PopUpView.swift */ = {isa = PBXFileReference; lastKnownFileType = sourcecode.swift; path = PopUpView.swift; sourceTree = "<group>"; };
		5427D85820C93ED0005F91CA /* PopUpView.xib */ = {isa = PBXFileReference; lastKnownFileType = file.xib; path = PopUpView.xib; sourceTree = "<group>"; };
		5427D85A20C94DB3005F91CA /* PopUpViewsController.swift */ = {isa = PBXFileReference; lastKnownFileType = sourcecode.swift; path = PopUpViewsController.swift; sourceTree = "<group>"; };
		5427D85C20C97723005F91CA /* BonusMultiplierHelper.swift */ = {isa = PBXFileReference; lastKnownFileType = sourcecode.swift; path = BonusMultiplierHelper.swift; sourceTree = "<group>"; };
		5427D85E20C9AA6E005F91CA /* View.xib */ = {isa = PBXFileReference; lastKnownFileType = file.xib; path = View.xib; sourceTree = "<group>"; };
		542D4CA120D6A5E300F19DD7 /* IAPHandler.swift */ = {isa = PBXFileReference; lastKnownFileType = sourcecode.swift; path = IAPHandler.swift; sourceTree = "<group>"; };
		542D4CA320D6AB0900F19DD7 /* StoreKit.framework */ = {isa = PBXFileReference; lastKnownFileType = wrapper.framework; name = StoreKit.framework; path = System/Library/Frameworks/StoreKit.framework; sourceTree = SDKROOT; };
		542D4CA520D6AB1500F19DD7 /* GameKit.framework */ = {isa = PBXFileReference; lastKnownFileType = wrapper.framework; name = GameKit.framework; path = System/Library/Frameworks/GameKit.framework; sourceTree = SDKROOT; };
		54343B0920E7F2C80089669F /* ColorScheme.swift */ = {isa = PBXFileReference; lastKnownFileType = sourcecode.swift; path = ColorScheme.swift; sourceTree = "<group>"; };
		54343B0B20E7F8E50089669F /* UIImage+Extension.swift */ = {isa = PBXFileReference; lastKnownFileType = sourcecode.swift; path = "UIImage+Extension.swift"; sourceTree = "<group>"; };
		54503C4020CE853500E50047 /* UITableView+Extension.swift */ = {isa = PBXFileReference; lastKnownFileType = sourcecode.swift; path = "UITableView+Extension.swift"; sourceTree = "<group>"; };
		54503C4420CFD3DB00E50047 /* .gitignore */ = {isa = PBXFileReference; fileEncoding = 4; lastKnownFileType = text; path = .gitignore; sourceTree = SOURCE_ROOT; };
		54503C4620CFD56300E50047 /* APIKeys.swift */ = {isa = PBXFileReference; lastKnownFileType = sourcecode.swift; path = APIKeys.swift; sourceTree = "<group>"; };
		54503C4820CFD8F800E50047 /* UpgradeCellData.swift */ = {isa = PBXFileReference; lastKnownFileType = sourcecode.swift; path = UpgradeCellData.swift; sourceTree = "<group>"; };
		54503C4A20D010C200E50047 /* ExtraUpgrade.swift */ = {isa = PBXFileReference; lastKnownFileType = sourcecode.swift; path = ExtraUpgrade.swift; sourceTree = "<group>"; };
		5452C92D207D3FA5002DB75E /* UIView+Extension.swift */ = {isa = PBXFileReference; lastKnownFileType = sourcecode.swift; path = "UIView+Extension.swift"; sourceTree = "<group>"; };
		545317B720889FCD005EA09C /* Dictionary+Extension.swift */ = {isa = PBXFileReference; lastKnownFileType = sourcecode.swift; path = "Dictionary+Extension.swift"; sourceTree = "<group>"; };
		545317B92088E8D3005EA09C /* WindUpgrades.json */ = {isa = PBXFileReference; fileEncoding = 4; lastKnownFileType = text.json; path = WindUpgrades.json; sourceTree = "<group>"; };
		545317BB2088EA39005EA09C /* Upgrade.swift */ = {isa = PBXFileReference; lastKnownFileType = sourcecode.swift; path = Upgrade.swift; sourceTree = "<group>"; };
		545317BD2088EF13005EA09C /* PowerUpgrades.json */ = {isa = PBXFileReference; fileEncoding = 4; lastKnownFileType = text.json; path = PowerUpgrades.json; sourceTree = "<group>"; };
		545317BF2088EF27005EA09C /* PriceUpgrades.json */ = {isa = PBXFileReference; fileEncoding = 4; lastKnownFileType = text.json; path = PriceUpgrades.json; sourceTree = "<group>"; };
		545C763520ADFC270012F741 /* ExtraUpgrades.json */ = {isa = PBXFileReference; fileEncoding = 4; lastKnownFileType = text.json; path = ExtraUpgrades.json; sourceTree = "<group>"; };
		546A20A0207509A5009A3EC0 /* WindTurbine.app */ = {isa = PBXFileReference; explicitFileType = wrapper.application; includeInIndex = 0; path = WindTurbine.app; sourceTree = BUILT_PRODUCTS_DIR; };
		546A20A3207509A5009A3EC0 /* AppDelegate.swift */ = {isa = PBXFileReference; lastKnownFileType = sourcecode.swift; path = AppDelegate.swift; sourceTree = "<group>"; };
		546A20A5207509A5009A3EC0 /* GameViewController.swift */ = {isa = PBXFileReference; lastKnownFileType = sourcecode.swift; path = GameViewController.swift; sourceTree = "<group>"; };
		546A20A8207509A5009A3EC0 /* Base */ = {isa = PBXFileReference; lastKnownFileType = file.storyboard; name = Base; path = Base.lproj/Main.storyboard; sourceTree = "<group>"; };
		546A20AA207509A5009A3EC0 /* Assets.xcassets */ = {isa = PBXFileReference; lastKnownFileType = folder.assetcatalog; path = Assets.xcassets; sourceTree = "<group>"; };
		546A20AD207509A5009A3EC0 /* Base */ = {isa = PBXFileReference; lastKnownFileType = file.storyboard; name = Base; path = Base.lproj/LaunchScreen.storyboard; sourceTree = "<group>"; };
		546A20AF207509A5009A3EC0 /* Info.plist */ = {isa = PBXFileReference; lastKnownFileType = text.plist.xml; path = Info.plist; sourceTree = "<group>"; };
		5482544720DA86ED004018E9 /* UpgradesDataSource.swift */ = {isa = PBXFileReference; lastKnownFileType = sourcecode.swift; path = UpgradesDataSource.swift; sourceTree = "<group>"; };
		5482544920DD1155004018E9 /* UpgradesDelegate.swift */ = {isa = PBXFileReference; lastKnownFileType = sourcecode.swift; path = UpgradesDelegate.swift; sourceTree = "<group>"; };
		5482544B20DD127F004018E9 /* UpgradeCellDelegate.swift */ = {isa = PBXFileReference; lastKnownFileType = sourcecode.swift; path = UpgradeCellDelegate.swift; sourceTree = "<group>"; };
		5482544F20E0FD45004018E9 /* BatteryDataSource.swift */ = {isa = PBXFileReference; lastKnownFileType = sourcecode.swift; path = BatteryDataSource.swift; sourceTree = "<group>"; };
		54ABFD57209F359300E7F582 /* ScratchCardBuyCell.xib */ = {isa = PBXFileReference; lastKnownFileType = file.xib; path = ScratchCardBuyCell.xib; sourceTree = "<group>"; };
		54ABFD59209F4B5000E7F582 /* ScratchCardBuyCell.swift */ = {isa = PBXFileReference; lastKnownFileType = sourcecode.swift; path = ScratchCardBuyCell.swift; sourceTree = "<group>"; };
		54C29D4C20A5FDB70085FE2C /* LightningStoreView.xib */ = {isa = PBXFileReference; lastKnownFileType = file.xib; path = LightningStoreView.xib; sourceTree = "<group>"; };
		54C29D4E20AC4E6B0085FE2C /* LightningStoreView.swift */ = {isa = PBXFileReference; lastKnownFileType = sourcecode.swift; path = LightningStoreView.swift; sourceTree = "<group>"; };
		54C29D5020AC5B740085FE2C /* LightningBuyView.xib */ = {isa = PBXFileReference; lastKnownFileType = file.xib; path = LightningBuyView.xib; sourceTree = "<group>"; };
		54C29D5220AC5B950085FE2C /* LightningBuyView.swift */ = {isa = PBXFileReference; lastKnownFileType = sourcecode.swift; path = LightningBuyView.swift; sourceTree = "<group>"; };
		54D9210620A4555700B45402 /* ScratchCardStore.swift */ = {isa = PBXFileReference; lastKnownFileType = sourcecode.swift; path = ScratchCardStore.swift; sourceTree = "<group>"; };
		54D9210820A4CAE200B45402 /* ScratchCards.json */ = {isa = PBXFileReference; fileEncoding = 4; lastKnownFileType = text.json; path = ScratchCards.json; sourceTree = "<group>"; };
		54DB2B97209A463F003B8B0B /* BatteryLevelCell.xib */ = {isa = PBXFileReference; lastKnownFileType = file.xib; path = BatteryLevelCell.xib; sourceTree = "<group>"; };
		54DB2B99209A5D31003B8B0B /* ButtonCell.xib */ = {isa = PBXFileReference; lastKnownFileType = file.xib; path = ButtonCell.xib; sourceTree = "<group>"; };
		54DB2B9B209AFBA8003B8B0B /* ButtonCell.swift */ = {isa = PBXFileReference; lastKnownFileType = sourcecode.swift; path = ButtonCell.swift; sourceTree = "<group>"; };
		54E4937020CA643300165A37 /* OnboardingHelper.swift */ = {isa = PBXFileReference; lastKnownFileType = sourcecode.swift; path = OnboardingHelper.swift; sourceTree = "<group>"; };
		54E4937220CA6A8200165A37 /* OnboardingView.xib */ = {isa = PBXFileReference; lastKnownFileType = file.xib; path = OnboardingView.xib; sourceTree = "<group>"; };
		54EC24F920EA2C8900C7CB4D /* GameLevel.swift */ = {isa = PBXFileReference; lastKnownFileType = sourcecode.swift; path = GameLevel.swift; sourceTree = "<group>"; };
		54EC24FB20EA384100C7CB4D /* TurbineView.swift */ = {isa = PBXFileReference; lastKnownFileType = sourcecode.swift; path = TurbineView.swift; sourceTree = "<group>"; };
		54FA5284207E520300D2E78E /* CloudView.swift */ = {isa = PBXFileReference; lastKnownFileType = sourcecode.swift; path = CloudView.swift; sourceTree = "<group>"; };
		54FA5287207E558D00D2E78E /* BackgroundView.swift */ = {isa = PBXFileReference; lastKnownFileType = sourcecode.swift; path = BackgroundView.swift; sourceTree = "<group>"; };
		5902649BD56C324615448BE7 /* Pods-WindTurbine.release.xcconfig */ = {isa = PBXFileReference; includeInIndex = 1; lastKnownFileType = text.xcconfig; name = "Pods-WindTurbine.release.xcconfig"; path = "Pods/Target Support Files/Pods-WindTurbine/Pods-WindTurbine.release.xcconfig"; sourceTree = "<group>"; };
		A6106C2BADDBB2A98D7DA030 /* Pods_WindTurbine.framework */ = {isa = PBXFileReference; explicitFileType = wrapper.framework; includeInIndex = 0; path = Pods_WindTurbine.framework; sourceTree = BUILT_PRODUCTS_DIR; };
		E2A597D210E5F5F7533210C1 /* Pods-WindTurbine.debug.xcconfig */ = {isa = PBXFileReference; includeInIndex = 1; lastKnownFileType = text.xcconfig; name = "Pods-WindTurbine.debug.xcconfig"; path = "Pods/Target Support Files/Pods-WindTurbine/Pods-WindTurbine.debug.xcconfig"; sourceTree = "<group>"; };
/* End PBXFileReference section */

/* Begin PBXFrameworksBuildPhase section */
		546A209D207509A5009A3EC0 /* Frameworks */ = {
			isa = PBXFrameworksBuildPhase;
			buildActionMask = 2147483647;
			files = (
				542D4CA620D6AB1500F19DD7 /* GameKit.framework in Frameworks */,
				A8DF3BF5DE201A17D089B77C /* Pods_WindTurbine.framework in Frameworks */,
				542D4CA420D6AB0A00F19DD7 /* StoreKit.framework in Frameworks */,
			);
			runOnlyForDeploymentPostprocessing = 0;
		};
/* End PBXFrameworksBuildPhase section */

/* Begin PBXGroup section */
		54069D2E209C763B00CF3922 /* Cells */ = {
			isa = PBXGroup;
			children = (
				541C7563207FAC0000D268C4 /* UpgradeViewCell.xib */,
				541C7561207FABB600D268C4 /* UpgradeViewCell.swift */,
				54503C4820CFD8F800E50047 /* UpgradeCellData.swift */,
				54DB2B99209A5D31003B8B0B /* ButtonCell.xib */,
				54DB2B9B209AFBA8003B8B0B /* ButtonCell.swift */,
				54DB2B97209A463F003B8B0B /* BatteryLevelCell.xib */,
				54069D2F209C766C00CF3922 /* BatteryLevelCell.swift */,
				54069D2A209B4F3A00CF3922 /* ScratchCardCell.xib */,
				54069D31209C768100CF3922 /* ScratchCardCell.swift */,
				54069D2C209C736E00CF3922 /* ScratchCardsMenuCell.xib */,
				54069D33209C768D00CF3922 /* ScratchCardsMenuCell.swift */,
				54ABFD57209F359300E7F582 /* ScratchCardBuyCell.xib */,
				54ABFD59209F4B5000E7F582 /* ScratchCardBuyCell.swift */,
			);
			path = Cells;
			sourceTree = "<group>";
		};
		541C756B20876E7C00D268C4 /* Model */ = {
			isa = PBXGroup;
			children = (
				54069D35209C89D100CF3922 /* Battery.swift */,
				5482544F20E0FD45004018E9 /* BatteryDataSource.swift */,
				54069D37209DBE8600CF3922 /* ScratchCard.swift */,
				54D9210620A4555700B45402 /* ScratchCardStore.swift */,
				545317BB2088EA39005EA09C /* Upgrade.swift */,
				54503C4A20D010C200E50047 /* ExtraUpgrade.swift */,
				5410BA4B20A0645C00A7570D /* UpgradeStore.swift */,
				541C756C20876ECD00D268C4 /* Model.swift */,
			);
			path = Model;
			sourceTree = "<group>";
		};
		541ED45D20C6ACF400DB4F4D /* Views */ = {
			isa = PBXGroup;
			children = (
				54260A0420B5F6E600808199 /* StatsView.xib */,
				54260A0620B5F91600808199 /* StatsView.swift */,
				5427D85820C93ED0005F91CA /* PopUpView.xib */,
				5427D85620C93EBC005F91CA /* PopUpView.swift */,
				54C29D4C20A5FDB70085FE2C /* LightningStoreView.xib */,
				54C29D4E20AC4E6B0085FE2C /* LightningStoreView.swift */,
				54C29D5020AC5B740085FE2C /* LightningBuyView.xib */,
				54C29D5220AC5B950085FE2C /* LightningBuyView.swift */,
				541ED46620C7DB8600DB4F4D /* ScaledWidthImageView.swift */,
				541ED46220C7CA2200DB4F4D /* BuyButton.swift */,
				5427D85420C92874005F91CA /* ExtraButton.swift */,
				54E4937220CA6A8200165A37 /* OnboardingView.xib */,
				5427D85E20C9AA6E005F91CA /* View.xib */,
			);
			path = Views;
			sourceTree = "<group>";
		};
		5452C92F207D3FC2002DB75E /* Extensions */ = {
			isa = PBXGroup;
			children = (
				5452C92D207D3FA5002DB75E /* UIView+Extension.swift */,
				541C756E2087729200D268C4 /* Double+Extension.swift */,
				545317B720889FCD005EA09C /* Dictionary+Extension.swift */,
				54343B0B20E7F8E50089669F /* UIImage+Extension.swift */,
				54260A0020B5E56100808199 /* CGFloat+Extension.swift */,
				54503C4020CE853500E50047 /* UITableView+Extension.swift */,
			);
			path = Extensions;
			sourceTree = "<group>";
		};
		546A2097207509A4009A3EC0 = {
			isa = PBXGroup;
			children = (
				546A20A2207509A5009A3EC0 /* WindTurbine */,
				546A20A1207509A5009A3EC0 /* Products */,
				E86309FAE4DD0BFFE4706832 /* Pods */,
				A7BB6B693A1791ABB37C59CC /* Frameworks */,
			);
			sourceTree = "<group>";
		};
		546A20A1207509A5009A3EC0 /* Products */ = {
			isa = PBXGroup;
			children = (
				546A20A0207509A5009A3EC0 /* WindTurbine.app */,
			);
			name = Products;
			sourceTree = "<group>";
		};
		546A20A2207509A5009A3EC0 /* WindTurbine */ = {
			isa = PBXGroup;
			children = (
				5452C92F207D3FC2002DB75E /* Extensions */,
				54FA5286207E541700D2E78E /* Animations */,
				541ED46E20C865F200DB4F4D /* Constants.swift */,
				54503C4620CFD56300E50047 /* APIKeys.swift */,
				546A20A3207509A5009A3EC0 /* AppDelegate.swift */,
				541ED46C20C8655600DB4F4D /* StoreReviewHelper.swift */,
				542D4CA120D6A5E300F19DD7 /* IAPHandler.swift */,
				5427D85C20C97723005F91CA /* BonusMultiplierHelper.swift */,
				54E4937020CA643300165A37 /* OnboardingHelper.swift */,
				54343B0920E7F2C80089669F /* ColorScheme.swift */,
				54EC24F920EA2C8900C7CB4D /* GameLevel.swift */,
				541ED46020C6D78200DB4F4D /* GameCenterControllerDelegate.swift */,
				5427D85220C9277A005F91CA /* ExtraButtonsViewController.swift */,
				546A20A5207509A5009A3EC0 /* GameViewController.swift */,
				5427D85A20C94DB3005F91CA /* PopUpViewsController.swift */,
				541ED46A20C8232800DB4F4D /* RewardAdDelegate.swift */,
				54260A0820B6005700808199 /* TableViewController.swift */,
				5482544B20DD127F004018E9 /* UpgradeCellDelegate.swift */,
				5482544720DA86ED004018E9 /* UpgradesDataSource.swift */,
				5482544920DD1155004018E9 /* UpgradesDelegate.swift */,
				541ED45D20C6ACF400DB4F4D /* Views */,
				54069D2E209C763B00CF3922 /* Cells */,
				541C756B20876E7C00D268C4 /* Model */,
				54FA5287207E558D00D2E78E /* BackgroundView.swift */,
				541C75702087B6D200D268C4 /* TextLabel.swift */,
				546A20A7207509A5009A3EC0 /* Main.storyboard */,
				545317B92088E8D3005EA09C /* WindUpgrades.json */,
				545317BD2088EF13005EA09C /* PowerUpgrades.json */,
				545317BF2088EF27005EA09C /* PriceUpgrades.json */,
				5410BA4920A05B0B00A7570D /* BatteryUpgrades.json */,
				545C763520ADFC270012F741 /* ExtraUpgrades.json */,
				54D9210820A4CAE200B45402 /* ScratchCards.json */,
				546A20AA207509A5009A3EC0 /* Assets.xcassets */,
				546A20AC207509A5009A3EC0 /* LaunchScreen.storyboard */,
				546A20AF207509A5009A3EC0 /* Info.plist */,
				54503C4420CFD3DB00E50047 /* .gitignore */,
				541ED46820C812A900DB4F4D /* GoogleService-Info.plist */,
			);
			path = WindTurbine;
			sourceTree = "<group>";
		};
		54FA5286207E541700D2E78E /* Animations */ = {
			isa = PBXGroup;
			children = (
				54260A0220B5ED8900808199 /* TurbineViewController.swift */,
				54EC24FB20EA384100C7CB4D /* TurbineView.swift */,
				542609FE20B5DBC800808199 /* CloudViewController.swift */,
				54FA5284207E520300D2E78E /* CloudView.swift */,
			);
			path = Animations;
			sourceTree = "<group>";
		};
		A7BB6B693A1791ABB37C59CC /* Frameworks */ = {
			isa = PBXGroup;
			children = (
				542D4CA520D6AB1500F19DD7 /* GameKit.framework */,
				542D4CA320D6AB0900F19DD7 /* StoreKit.framework */,
				A6106C2BADDBB2A98D7DA030 /* Pods_WindTurbine.framework */,
			);
			name = Frameworks;
			sourceTree = "<group>";
		};
		E86309FAE4DD0BFFE4706832 /* Pods */ = {
			isa = PBXGroup;
			children = (
				E2A597D210E5F5F7533210C1 /* Pods-WindTurbine.debug.xcconfig */,
				5902649BD56C324615448BE7 /* Pods-WindTurbine.release.xcconfig */,
			);
			name = Pods;
			sourceTree = "<group>";
		};
/* End PBXGroup section */

/* Begin PBXNativeTarget section */
		546A209F207509A5009A3EC0 /* WindTurbine */ = {
			isa = PBXNativeTarget;
			buildConfigurationList = 546A20B2207509A5009A3EC0 /* Build configuration list for PBXNativeTarget "WindTurbine" */;
			buildPhases = (
				736BA9987582CC6996F02CDD /* [CP] Check Pods Manifest.lock */,
				546A209C207509A5009A3EC0 /* Sources */,
				546A209D207509A5009A3EC0 /* Frameworks */,
				546A209E207509A5009A3EC0 /* Resources */,
				8BD39FAA2CB17A52D4FDEB57 /* [CP] Embed Pods Frameworks */,
			);
			buildRules = (
			);
			dependencies = (
			);
			name = WindTurbine;
			productName = WindTurbine;
			productReference = 546A20A0207509A5009A3EC0 /* WindTurbine.app */;
			productType = "com.apple.product-type.application";
		};
/* End PBXNativeTarget section */

/* Begin PBXProject section */
		546A2098207509A4009A3EC0 /* Project object */ = {
			isa = PBXProject;
			attributes = {
				LastSwiftUpdateCheck = 0920;
				LastUpgradeCheck = 0930;
				ORGANIZATIONNAME = "Maciej Kowalski";
				TargetAttributes = {
					546A209F207509A5009A3EC0 = {
						CreatedOnToolsVersion = 9.2;
						ProvisioningStyle = Automatic;
						SystemCapabilities = {
							com.apple.GameCenter.iOS = {
								enabled = 1;
							};
							com.apple.InAppPurchase = {
								enabled = 1;
							};
						};
					};
				};
			};
			buildConfigurationList = 546A209B207509A4009A3EC0 /* Build configuration list for PBXProject "WindTurbine" */;
			compatibilityVersion = "Xcode 8.0";
			developmentRegion = en;
			hasScannedForEncodings = 0;
			knownRegions = (
				en,
				Base,
			);
			mainGroup = 546A2097207509A4009A3EC0;
			productRefGroup = 546A20A1207509A5009A3EC0 /* Products */;
			projectDirPath = "";
			projectRoot = "";
			targets = (
				546A209F207509A5009A3EC0 /* WindTurbine */,
			);
		};
/* End PBXProject section */

/* Begin PBXResourcesBuildPhase section */
		546A209E207509A5009A3EC0 /* Resources */ = {
			isa = PBXResourcesBuildPhase;
			buildActionMask = 2147483647;
			files = (
				54069D2D209C736E00CF3922 /* ScratchCardsMenuCell.xib in Resources */,
				5410BA4A20A05B0B00A7570D /* BatteryUpgrades.json in Resources */,
				54069D2B209B4F3A00CF3922 /* ScratchCardCell.xib in Resources */,
				54DB2B98209A4640003B8B0B /* BatteryLevelCell.xib in Resources */,
				54C29D5120AC5B740085FE2C /* LightningBuyView.xib in Resources */,
				54503C4520CFD3DB00E50047 /* .gitignore in Resources */,
				545317BE2088EF14005EA09C /* PowerUpgrades.json in Resources */,
				5427D85920C93ED0005F91CA /* PopUpView.xib in Resources */,
				5427D85F20C9AA6E005F91CA /* View.xib in Resources */,
				545317BA2088E8D3005EA09C /* WindUpgrades.json in Resources */,
				54C29D4D20A5FDB70085FE2C /* LightningStoreView.xib in Resources */,
				54ABFD58209F359300E7F582 /* ScratchCardBuyCell.xib in Resources */,
				546A20AE207509A5009A3EC0 /* LaunchScreen.storyboard in Resources */,
				546A20AB207509A5009A3EC0 /* Assets.xcassets in Resources */,
				54E4937320CA6A8200165A37 /* OnboardingView.xib in Resources */,
				54DB2B9A209A5D32003B8B0B /* ButtonCell.xib in Resources */,
				545317C02088EF27005EA09C /* PriceUpgrades.json in Resources */,
				546A20A9207509A5009A3EC0 /* Main.storyboard in Resources */,
				545C763620ADFC280012F741 /* ExtraUpgrades.json in Resources */,
				54260A0520B5F6E600808199 /* StatsView.xib in Resources */,
				541ED46920C812AA00DB4F4D /* GoogleService-Info.plist in Resources */,
				54D9210920A4CAE300B45402 /* ScratchCards.json in Resources */,
				541C7564207FAC0000D268C4 /* UpgradeViewCell.xib in Resources */,
			);
			runOnlyForDeploymentPostprocessing = 0;
		};
/* End PBXResourcesBuildPhase section */

/* Begin PBXShellScriptBuildPhase section */
		736BA9987582CC6996F02CDD /* [CP] Check Pods Manifest.lock */ = {
			isa = PBXShellScriptBuildPhase;
			buildActionMask = 2147483647;
			files = (
			);
			inputPaths = (
				"${PODS_PODFILE_DIR_PATH}/Podfile.lock",
				"${PODS_ROOT}/Manifest.lock",
			);
			name = "[CP] Check Pods Manifest.lock";
			outputPaths = (
				"$(DERIVED_FILE_DIR)/Pods-WindTurbine-checkManifestLockResult.txt",
			);
			runOnlyForDeploymentPostprocessing = 0;
			shellPath = /bin/sh;
			shellScript = "diff \"${PODS_PODFILE_DIR_PATH}/Podfile.lock\" \"${PODS_ROOT}/Manifest.lock\" > /dev/null\nif [ $? != 0 ] ; then\n    # print error to STDERR\n    echo \"error: The sandbox is not in sync with the Podfile.lock. Run 'pod install' or update your CocoaPods installation.\" >&2\n    exit 1\nfi\n# This output is used by Xcode 'outputs' to avoid re-running this script phase.\necho \"SUCCESS\" > \"${SCRIPT_OUTPUT_FILE_0}\"\n";
			showEnvVarsInLog = 0;
		};
		8BD39FAA2CB17A52D4FDEB57 /* [CP] Embed Pods Frameworks */ = {
			isa = PBXShellScriptBuildPhase;
			buildActionMask = 2147483647;
			files = (
			);
			inputPaths = (
				"${SRCROOT}/Pods/Target Support Files/Pods-WindTurbine/Pods-WindTurbine-frameworks.sh",
				"${BUILT_PRODUCTS_DIR}/GoogleToolboxForMac/GoogleToolboxForMac.framework",
				"${BUILT_PRODUCTS_DIR}/nanopb/nanopb.framework",
			);
			name = "[CP] Embed Pods Frameworks";
			outputPaths = (
				"${TARGET_BUILD_DIR}/${FRAMEWORKS_FOLDER_PATH}/GoogleToolboxForMac.framework",
				"${TARGET_BUILD_DIR}/${FRAMEWORKS_FOLDER_PATH}/nanopb.framework",
			);
			runOnlyForDeploymentPostprocessing = 0;
			shellPath = /bin/sh;
			shellScript = "\"${SRCROOT}/Pods/Target Support Files/Pods-WindTurbine/Pods-WindTurbine-frameworks.sh\"\n";
			showEnvVarsInLog = 0;
		};
/* End PBXShellScriptBuildPhase section */

/* Begin PBXSourcesBuildPhase section */
		546A209C207509A5009A3EC0 /* Sources */ = {
			isa = PBXSourcesBuildPhase;
			buildActionMask = 2147483647;
			files = (
				54069D36209C89D100CF3922 /* Battery.swift in Sources */,
				545317BC2088EA39005EA09C /* Upgrade.swift in Sources */,
				541ED46120C6D78200DB4F4D /* GameCenterControllerDelegate.swift in Sources */,
				54503C4B20D010C200E50047 /* ExtraUpgrade.swift in Sources */,
				54260A0120B5E56100808199 /* CGFloat+Extension.swift in Sources */,
				5482544A20DD1155004018E9 /* UpgradesDelegate.swift in Sources */,
				54260A0320B5ED8A00808199 /* TurbineViewController.swift in Sources */,
				54D9210720A4555800B45402 /* ScratchCardStore.swift in Sources */,
				541C756F2087729200D268C4 /* Double+Extension.swift in Sources */,
				54503C4120CE853500E50047 /* UITableView+Extension.swift in Sources */,
				546A20A6207509A5009A3EC0 /* GameViewController.swift in Sources */,
				5482544C20DD127F004018E9 /* UpgradeCellDelegate.swift in Sources */,
				54069D38209DBE8600CF3922 /* ScratchCard.swift in Sources */,
				542609FF20B5DBC800808199 /* CloudViewController.swift in Sources */,
				54E4937120CA643300165A37 /* OnboardingHelper.swift in Sources */,
				54FA5288207E558D00D2E78E /* BackgroundView.swift in Sources */,
				54EC24FC20EA384100C7CB4D /* TurbineView.swift in Sources */,
				54C29D5320AC5B950085FE2C /* LightningBuyView.swift in Sources */,
				54343B0C20E7F8E50089669F /* UIImage+Extension.swift in Sources */,
				54069D34209C768E00CF3922 /* ScratchCardsMenuCell.swift in Sources */,
				541C756D20876ECD00D268C4 /* Model.swift in Sources */,
				54069D30209C766C00CF3922 /* BatteryLevelCell.swift in Sources */,
				54ABFD5A209F4B5000E7F582 /* ScratchCardBuyCell.swift in Sources */,
				541C75712087B6D200D268C4 /* TextLabel.swift in Sources */,
				54069D32209C768100CF3922 /* ScratchCardCell.swift in Sources */,
				5427D85720C93EBC005F91CA /* PopUpView.swift in Sources */,
				5482545020E0FD45004018E9 /* BatteryDataSource.swift in Sources */,
				5452C92E207D3FA5002DB75E /* UIView+Extension.swift in Sources */,
				5427D85D20C97723005F91CA /* BonusMultiplierHelper.swift in Sources */,
				5427D85B20C94DB3005F91CA /* PopUpViewsController.swift in Sources */,
				5427D85520C92874005F91CA /* ExtraButton.swift in Sources */,
				5410BA4C20A0645C00A7570D /* UpgradeStore.swift in Sources */,
				546A20A4207509A5009A3EC0 /* AppDelegate.swift in Sources */,
				54DB2B9C209AFBA8003B8B0B /* ButtonCell.swift in Sources */,
				541ED46320C7CA2200DB4F4D /* BuyButton.swift in Sources */,
				54503C4720CFD56300E50047 /* APIKeys.swift in Sources */,
				54260A0720B5F91600808199 /* StatsView.swift in Sources */,
				5482544820DA86ED004018E9 /* UpgradesDataSource.swift in Sources */,
				5427D85320C9277A005F91CA /* ExtraButtonsViewController.swift in Sources */,
				541ED46F20C865F200DB4F4D /* Constants.swift in Sources */,
				54FA5285207E520300D2E78E /* CloudView.swift in Sources */,
				542D4CA220D6A5E300F19DD7 /* IAPHandler.swift in Sources */,
				541ED46B20C8232800DB4F4D /* RewardAdDelegate.swift in Sources */,
				541C7562207FABB600D268C4 /* UpgradeViewCell.swift in Sources */,
				541ED46D20C8655700DB4F4D /* StoreReviewHelper.swift in Sources */,
				54C29D4F20AC4E6B0085FE2C /* LightningStoreView.swift in Sources */,
				54503C4920CFD8F800E50047 /* UpgradeCellData.swift in Sources */,
				54343B0A20E7F2C80089669F /* ColorScheme.swift in Sources */,
				54260A0920B6005700808199 /* TableViewController.swift in Sources */,
				545317B820889FCD005EA09C /* Dictionary+Extension.swift in Sources */,
				54EC24FA20EA2C8900C7CB4D /* GameLevel.swift in Sources */,
				541ED46720C7DB8600DB4F4D /* ScaledWidthImageView.swift in Sources */,
			);
			runOnlyForDeploymentPostprocessing = 0;
		};
/* End PBXSourcesBuildPhase section */

/* Begin PBXVariantGroup section */
		546A20A7207509A5009A3EC0 /* Main.storyboard */ = {
			isa = PBXVariantGroup;
			children = (
				546A20A8207509A5009A3EC0 /* Base */,
			);
			name = Main.storyboard;
			sourceTree = "<group>";
		};
		546A20AC207509A5009A3EC0 /* LaunchScreen.storyboard */ = {
			isa = PBXVariantGroup;
			children = (
				546A20AD207509A5009A3EC0 /* Base */,
			);
			name = LaunchScreen.storyboard;
			sourceTree = "<group>";
		};
/* End PBXVariantGroup section */

/* Begin XCBuildConfiguration section */
		546A20B0207509A5009A3EC0 /* Debug */ = {
			isa = XCBuildConfiguration;
			buildSettings = {
				ALWAYS_SEARCH_USER_PATHS = NO;
				CLANG_ANALYZER_NONNULL = YES;
				CLANG_ANALYZER_NUMBER_OBJECT_CONVERSION = YES_AGGRESSIVE;
				CLANG_CXX_LANGUAGE_STANDARD = "gnu++14";
				CLANG_CXX_LIBRARY = "libc++";
				CLANG_ENABLE_MODULES = YES;
				CLANG_ENABLE_OBJC_ARC = YES;
				CLANG_WARN_BLOCK_CAPTURE_AUTORELEASING = YES;
				CLANG_WARN_BOOL_CONVERSION = YES;
				CLANG_WARN_COMMA = YES;
				CLANG_WARN_CONSTANT_CONVERSION = YES;
				CLANG_WARN_DEPRECATED_OBJC_IMPLEMENTATIONS = YES;
				CLANG_WARN_DIRECT_OBJC_ISA_USAGE = YES_ERROR;
				CLANG_WARN_DOCUMENTATION_COMMENTS = YES;
				CLANG_WARN_EMPTY_BODY = YES;
				CLANG_WARN_ENUM_CONVERSION = YES;
				CLANG_WARN_INFINITE_RECURSION = YES;
				CLANG_WARN_INT_CONVERSION = YES;
				CLANG_WARN_NON_LITERAL_NULL_CONVERSION = YES;
				CLANG_WARN_OBJC_IMPLICIT_RETAIN_SELF = YES;
				CLANG_WARN_OBJC_LITERAL_CONVERSION = YES;
				CLANG_WARN_OBJC_ROOT_CLASS = YES_ERROR;
				CLANG_WARN_RANGE_LOOP_ANALYSIS = YES;
				CLANG_WARN_STRICT_PROTOTYPES = YES;
				CLANG_WARN_SUSPICIOUS_MOVE = YES;
				CLANG_WARN_UNGUARDED_AVAILABILITY = YES_AGGRESSIVE;
				CLANG_WARN_UNREACHABLE_CODE = YES;
				CLANG_WARN__DUPLICATE_METHOD_MATCH = YES;
				CODE_SIGN_IDENTITY = "iPhone Developer";
				COPY_PHASE_STRIP = NO;
				DEBUG_INFORMATION_FORMAT = dwarf;
				ENABLE_STRICT_OBJC_MSGSEND = YES;
				ENABLE_TESTABILITY = YES;
				GCC_C_LANGUAGE_STANDARD = gnu11;
				GCC_DYNAMIC_NO_PIC = NO;
				GCC_NO_COMMON_BLOCKS = YES;
				GCC_OPTIMIZATION_LEVEL = 0;
				GCC_PREPROCESSOR_DEFINITIONS = (
					"DEBUG=1",
					"$(inherited)",
				);
				GCC_WARN_64_TO_32_BIT_CONVERSION = YES;
				GCC_WARN_ABOUT_RETURN_TYPE = YES_ERROR;
				GCC_WARN_UNDECLARED_SELECTOR = YES;
				GCC_WARN_UNINITIALIZED_AUTOS = YES_AGGRESSIVE;
				GCC_WARN_UNUSED_FUNCTION = YES;
				GCC_WARN_UNUSED_VARIABLE = YES;
				IPHONEOS_DEPLOYMENT_TARGET = 11.2;
				MTL_ENABLE_DEBUG_INFO = YES;
				ONLY_ACTIVE_ARCH = YES;
				SDKROOT = iphoneos;
				SWIFT_ACTIVE_COMPILATION_CONDITIONS = DEBUG;
				SWIFT_OPTIMIZATION_LEVEL = "-Onone";
			};
			name = Debug;
		};
		546A20B1207509A5009A3EC0 /* Release */ = {
			isa = XCBuildConfiguration;
			buildSettings = {
				ALWAYS_SEARCH_USER_PATHS = NO;
				CLANG_ANALYZER_NONNULL = YES;
				CLANG_ANALYZER_NUMBER_OBJECT_CONVERSION = YES_AGGRESSIVE;
				CLANG_CXX_LANGUAGE_STANDARD = "gnu++14";
				CLANG_CXX_LIBRARY = "libc++";
				CLANG_ENABLE_MODULES = YES;
				CLANG_ENABLE_OBJC_ARC = YES;
				CLANG_WARN_BLOCK_CAPTURE_AUTORELEASING = YES;
				CLANG_WARN_BOOL_CONVERSION = YES;
				CLANG_WARN_COMMA = YES;
				CLANG_WARN_CONSTANT_CONVERSION = YES;
				CLANG_WARN_DEPRECATED_OBJC_IMPLEMENTATIONS = YES;
				CLANG_WARN_DIRECT_OBJC_ISA_USAGE = YES_ERROR;
				CLANG_WARN_DOCUMENTATION_COMMENTS = YES;
				CLANG_WARN_EMPTY_BODY = YES;
				CLANG_WARN_ENUM_CONVERSION = YES;
				CLANG_WARN_INFINITE_RECURSION = YES;
				CLANG_WARN_INT_CONVERSION = YES;
				CLANG_WARN_NON_LITERAL_NULL_CONVERSION = YES;
				CLANG_WARN_OBJC_IMPLICIT_RETAIN_SELF = YES;
				CLANG_WARN_OBJC_LITERAL_CONVERSION = YES;
				CLANG_WARN_OBJC_ROOT_CLASS = YES_ERROR;
				CLANG_WARN_RANGE_LOOP_ANALYSIS = YES;
				CLANG_WARN_STRICT_PROTOTYPES = YES;
				CLANG_WARN_SUSPICIOUS_MOVE = YES;
				CLANG_WARN_UNGUARDED_AVAILABILITY = YES_AGGRESSIVE;
				CLANG_WARN_UNREACHABLE_CODE = YES;
				CLANG_WARN__DUPLICATE_METHOD_MATCH = YES;
				CODE_SIGN_IDENTITY = "iPhone Developer";
				COPY_PHASE_STRIP = NO;
				DEBUG_INFORMATION_FORMAT = "dwarf-with-dsym";
				ENABLE_NS_ASSERTIONS = NO;
				ENABLE_STRICT_OBJC_MSGSEND = YES;
				GCC_C_LANGUAGE_STANDARD = gnu11;
				GCC_NO_COMMON_BLOCKS = YES;
				GCC_WARN_64_TO_32_BIT_CONVERSION = YES;
				GCC_WARN_ABOUT_RETURN_TYPE = YES_ERROR;
				GCC_WARN_UNDECLARED_SELECTOR = YES;
				GCC_WARN_UNINITIALIZED_AUTOS = YES_AGGRESSIVE;
				GCC_WARN_UNUSED_FUNCTION = YES;
				GCC_WARN_UNUSED_VARIABLE = YES;
				IPHONEOS_DEPLOYMENT_TARGET = 11.2;
				MTL_ENABLE_DEBUG_INFO = NO;
				SDKROOT = iphoneos;
				SWIFT_OPTIMIZATION_LEVEL = "-Owholemodule";
				VALIDATE_PRODUCT = YES;
			};
			name = Release;
		};
		546A20B3207509A5009A3EC0 /* Debug */ = {
			isa = XCBuildConfiguration;
			baseConfigurationReference = E2A597D210E5F5F7533210C1 /* Pods-WindTurbine.debug.xcconfig */;
			buildSettings = {
				ASSETCATALOG_COMPILER_APPICON_NAME = AppIcon;
				CODE_SIGN_IDENTITY = "iPhone Developer";
				CODE_SIGN_STYLE = Automatic;
				DEVELOPMENT_TEAM = PPDCKWAQEB;
				INFOPLIST_FILE = WindTurbine/Info.plist;
				LD_RUNPATH_SEARCH_PATHS = "$(inherited) @executable_path/Frameworks";
				PRODUCT_BUNDLE_IDENTIFIER = com.maciejkowalski.power;
				PRODUCT_NAME = "$(TARGET_NAME)";
				PROVISIONING_PROFILE_SPECIFIER = "";
				SWIFT_VERSION = 4.0;
				TARGETED_DEVICE_FAMILY = "1,2";
			};
			name = Debug;
		};
		546A20B4207509A5009A3EC0 /* Release */ = {
			isa = XCBuildConfiguration;
			baseConfigurationReference = 5902649BD56C324615448BE7 /* Pods-WindTurbine.release.xcconfig */;
			buildSettings = {
				ASSETCATALOG_COMPILER_APPICON_NAME = AppIcon;
				CODE_SIGN_IDENTITY = "iPhone Developer";
				CODE_SIGN_STYLE = Automatic;
				DEVELOPMENT_TEAM = PPDCKWAQEB;
				INFOPLIST_FILE = WindTurbine/Info.plist;
				LD_RUNPATH_SEARCH_PATHS = "$(inherited) @executable_path/Frameworks";
				PRODUCT_BUNDLE_IDENTIFIER = com.maciejkowalski.power;
				PRODUCT_NAME = "$(TARGET_NAME)";
				PROVISIONING_PROFILE_SPECIFIER = "";
				SWIFT_VERSION = 4.0;
				TARGETED_DEVICE_FAMILY = "1,2";
			};
			name = Release;
		};
/* End XCBuildConfiguration section */

/* Begin XCConfigurationList section */
		546A209B207509A4009A3EC0 /* Build configuration list for PBXProject "WindTurbine" */ = {
			isa = XCConfigurationList;
			buildConfigurations = (
				546A20B0207509A5009A3EC0 /* Debug */,
				546A20B1207509A5009A3EC0 /* Release */,
			);
			defaultConfigurationIsVisible = 0;
			defaultConfigurationName = Release;
		};
		546A20B2207509A5009A3EC0 /* Build configuration list for PBXNativeTarget "WindTurbine" */ = {
			isa = XCConfigurationList;
			buildConfigurations = (
				546A20B3207509A5009A3EC0 /* Debug */,
				546A20B4207509A5009A3EC0 /* Release */,
			);
			defaultConfigurationIsVisible = 0;
			defaultConfigurationName = Release;
		};
/* End XCConfigurationList section */
	};
	rootObject = 546A2098207509A4009A3EC0 /* Project object */;
}
