// !$*UTF8*$!
{
	archiveVersion = 1;
	classes = {
	};
	objectVersion = 48;
	objects = {

/* Begin PBXBuildFile section */
		54069D2B209B4F3A00CF3922 /* ScratchCardCell.xib in Resources */ = {isa = PBXBuildFile; fileRef = 54069D2A209B4F3A00CF3922 /* ScratchCardCell.xib */; };
		54069D2D209C736E00CF3922 /* ScratchCardsMenuCell.xib in Resources */ = {isa = PBXBuildFile; fileRef = 54069D2C209C736E00CF3922 /* ScratchCardsMenuCell.xib */; };
		54069D30209C766C00CF3922 /* BatteryLevelCell.swift in Sources */ = {isa = PBXBuildFile; fileRef = 54069D2F209C766C00CF3922 /* BatteryLevelCell.swift */; };
		54069D32209C768100CF3922 /* ScratchCardCell.swift in Sources */ = {isa = PBXBuildFile; fileRef = 54069D31209C768100CF3922 /* ScratchCardCell.swift */; };
		54069D34209C768E00CF3922 /* ScratchCardsMenuCell.swift in Sources */ = {isa = PBXBuildFile; fileRef = 54069D33209C768D00CF3922 /* ScratchCardsMenuCell.swift */; };
		54069D36209C89D100CF3922 /* Battery.swift in Sources */ = {isa = PBXBuildFile; fileRef = 54069D35209C89D100CF3922 /* Battery.swift */; };
		54069D38209DBE8600CF3922 /* ScratchCard.swift in Sources */ = {isa = PBXBuildFile; fileRef = 54069D37209DBE8600CF3922 /* ScratchCard.swift */; };
		5410BA4A20A05B0B00A7570D /* BatteryUpgrades.json in Resources */ = {isa = PBXBuildFile; fileRef = 5410BA4920A05B0B00A7570D /* BatteryUpgrades.json */; };
		5410BA4C20A0645C00A7570D /* UpgradeStore.swift in Sources */ = {isa = PBXBuildFile; fileRef = 5410BA4B20A0645C00A7570D /* UpgradeStore.swift */; };
		541C7562207FABB600D268C4 /* UpgradeViewCell.swift in Sources */ = {isa = PBXBuildFile; fileRef = 541C7561207FABB600D268C4 /* UpgradeViewCell.swift */; };
		541C7564207FAC0000D268C4 /* UpgradeViewCell.xib in Resources */ = {isa = PBXBuildFile; fileRef = 541C7563207FAC0000D268C4 /* UpgradeViewCell.xib */; };
		541C756D20876ECD00D268C4 /* Model.swift in Sources */ = {isa = PBXBuildFile; fileRef = 541C756C20876ECD00D268C4 /* Model.swift */; };
		541C756F2087729200D268C4 /* Double+Extension.swift in Sources */ = {isa = PBXBuildFile; fileRef = 541C756E2087729200D268C4 /* Double+Extension.swift */; };
		541C75712087B6D200D268C4 /* TextLabel.swift in Sources */ = {isa = PBXBuildFile; fileRef = 541C75702087B6D200D268C4 /* TextLabel.swift */; };
		5452C92C207CD037002DB75E /* WindTurbineView.swift in Sources */ = {isa = PBXBuildFile; fileRef = 5452C92B207CD037002DB75E /* WindTurbineView.swift */; };
		5452C92E207D3FA5002DB75E /* UIView+Extension.swift in Sources */ = {isa = PBXBuildFile; fileRef = 5452C92D207D3FA5002DB75E /* UIView+Extension.swift */; };
		545317B820889FCD005EA09C /* Dictionary+Extension.swift in Sources */ = {isa = PBXBuildFile; fileRef = 545317B720889FCD005EA09C /* Dictionary+Extension.swift */; };
		545317BA2088E8D3005EA09C /* WindUpgrades.json in Resources */ = {isa = PBXBuildFile; fileRef = 545317B92088E8D3005EA09C /* WindUpgrades.json */; };
		545317BC2088EA39005EA09C /* Upgrade.swift in Sources */ = {isa = PBXBuildFile; fileRef = 545317BB2088EA39005EA09C /* Upgrade.swift */; };
		545317BE2088EF14005EA09C /* PowerUpgrades.json in Resources */ = {isa = PBXBuildFile; fileRef = 545317BD2088EF13005EA09C /* PowerUpgrades.json */; };
		545317C02088EF27005EA09C /* PriceUpgrades.json in Resources */ = {isa = PBXBuildFile; fileRef = 545317BF2088EF27005EA09C /* PriceUpgrades.json */; };
		546A20A4207509A5009A3EC0 /* AppDelegate.swift in Sources */ = {isa = PBXBuildFile; fileRef = 546A20A3207509A5009A3EC0 /* AppDelegate.swift */; };
		546A20A6207509A5009A3EC0 /* GameViewController.swift in Sources */ = {isa = PBXBuildFile; fileRef = 546A20A5207509A5009A3EC0 /* GameViewController.swift */; };
		546A20A9207509A5009A3EC0 /* Main.storyboard in Resources */ = {isa = PBXBuildFile; fileRef = 546A20A7207509A5009A3EC0 /* Main.storyboard */; };
		546A20AB207509A5009A3EC0 /* Assets.xcassets in Resources */ = {isa = PBXBuildFile; fileRef = 546A20AA207509A5009A3EC0 /* Assets.xcassets */; };
		546A20AE207509A5009A3EC0 /* LaunchScreen.storyboard in Resources */ = {isa = PBXBuildFile; fileRef = 546A20AC207509A5009A3EC0 /* LaunchScreen.storyboard */; };
		54ABFD58209F359300E7F582 /* ScratchCardBuyCell.xib in Resources */ = {isa = PBXBuildFile; fileRef = 54ABFD57209F359300E7F582 /* ScratchCardBuyCell.xib */; };
		54ABFD5A209F4B5000E7F582 /* ScratchCardBuyCell.swift in Sources */ = {isa = PBXBuildFile; fileRef = 54ABFD59209F4B5000E7F582 /* ScratchCardBuyCell.swift */; };
		54D9210720A4555800B45402 /* ScratchCardStore.swift in Sources */ = {isa = PBXBuildFile; fileRef = 54D9210620A4555700B45402 /* ScratchCardStore.swift */; };
		54DB2B98209A4640003B8B0B /* BatteryLevelCell.xib in Resources */ = {isa = PBXBuildFile; fileRef = 54DB2B97209A463F003B8B0B /* BatteryLevelCell.xib */; };
		54DB2B9A209A5D32003B8B0B /* ButtonCell.xib in Resources */ = {isa = PBXBuildFile; fileRef = 54DB2B99209A5D31003B8B0B /* ButtonCell.xib */; };
		54DB2B9C209AFBA8003B8B0B /* ButtonCell.swift in Sources */ = {isa = PBXBuildFile; fileRef = 54DB2B9B209AFBA8003B8B0B /* ButtonCell.swift */; };
		54FA5283207E002500D2E78E /* UpgradeView+Animations.swift in Sources */ = {isa = PBXBuildFile; fileRef = 54FA5282207E002500D2E78E /* UpgradeView+Animations.swift */; };
		54FA5285207E520300D2E78E /* CloudView.swift in Sources */ = {isa = PBXBuildFile; fileRef = 54FA5284207E520300D2E78E /* CloudView.swift */; };
		54FA5288207E558D00D2E78E /* BackgroundView.swift in Sources */ = {isa = PBXBuildFile; fileRef = 54FA5287207E558D00D2E78E /* BackgroundView.swift */; };
/* End PBXBuildFile section */

/* Begin PBXFileReference section */
		54069D2A209B4F3A00CF3922 /* ScratchCardCell.xib */ = {isa = PBXFileReference; lastKnownFileType = file.xib; path = ScratchCardCell.xib; sourceTree = "<group>"; };
		54069D2C209C736E00CF3922 /* ScratchCardsMenuCell.xib */ = {isa = PBXFileReference; lastKnownFileType = file.xib; path = ScratchCardsMenuCell.xib; sourceTree = "<group>"; };
		54069D2F209C766C00CF3922 /* BatteryLevelCell.swift */ = {isa = PBXFileReference; lastKnownFileType = sourcecode.swift; path = BatteryLevelCell.swift; sourceTree = "<group>"; };
		54069D31209C768100CF3922 /* ScratchCardCell.swift */ = {isa = PBXFileReference; lastKnownFileType = sourcecode.swift; path = ScratchCardCell.swift; sourceTree = "<group>"; };
		54069D33209C768D00CF3922 /* ScratchCardsMenuCell.swift */ = {isa = PBXFileReference; lastKnownFileType = sourcecode.swift; path = ScratchCardsMenuCell.swift; sourceTree = "<group>"; };
		54069D35209C89D100CF3922 /* Battery.swift */ = {isa = PBXFileReference; lastKnownFileType = sourcecode.swift; path = Battery.swift; sourceTree = "<group>"; };
		54069D37209DBE8600CF3922 /* ScratchCard.swift */ = {isa = PBXFileReference; lastKnownFileType = sourcecode.swift; path = ScratchCard.swift; sourceTree = "<group>"; };
		5410BA4920A05B0B00A7570D /* BatteryUpgrades.json */ = {isa = PBXFileReference; fileEncoding = 4; lastKnownFileType = text.json; path = BatteryUpgrades.json; sourceTree = "<group>"; };
		5410BA4B20A0645C00A7570D /* UpgradeStore.swift */ = {isa = PBXFileReference; lastKnownFileType = sourcecode.swift; path = UpgradeStore.swift; sourceTree = "<group>"; };
		541C7561207FABB600D268C4 /* UpgradeViewCell.swift */ = {isa = PBXFileReference; lastKnownFileType = sourcecode.swift; path = UpgradeViewCell.swift; sourceTree = "<group>"; };
		541C7563207FAC0000D268C4 /* UpgradeViewCell.xib */ = {isa = PBXFileReference; lastKnownFileType = file.xib; path = UpgradeViewCell.xib; sourceTree = "<group>"; };
		541C756C20876ECD00D268C4 /* Model.swift */ = {isa = PBXFileReference; lastKnownFileType = sourcecode.swift; path = Model.swift; sourceTree = "<group>"; };
		541C756E2087729200D268C4 /* Double+Extension.swift */ = {isa = PBXFileReference; lastKnownFileType = sourcecode.swift; path = "Double+Extension.swift"; sourceTree = "<group>"; };
		541C75702087B6D200D268C4 /* TextLabel.swift */ = {isa = PBXFileReference; lastKnownFileType = sourcecode.swift; path = TextLabel.swift; sourceTree = "<group>"; };
		5452C92B207CD037002DB75E /* WindTurbineView.swift */ = {isa = PBXFileReference; lastKnownFileType = sourcecode.swift; path = WindTurbineView.swift; sourceTree = "<group>"; };
		5452C92D207D3FA5002DB75E /* UIView+Extension.swift */ = {isa = PBXFileReference; lastKnownFileType = sourcecode.swift; path = "UIView+Extension.swift"; sourceTree = "<group>"; };
		545317B720889FCD005EA09C /* Dictionary+Extension.swift */ = {isa = PBXFileReference; lastKnownFileType = sourcecode.swift; path = "Dictionary+Extension.swift"; sourceTree = "<group>"; };
		545317B92088E8D3005EA09C /* WindUpgrades.json */ = {isa = PBXFileReference; fileEncoding = 4; lastKnownFileType = text.json; path = WindUpgrades.json; sourceTree = "<group>"; };
		545317BB2088EA39005EA09C /* Upgrade.swift */ = {isa = PBXFileReference; lastKnownFileType = sourcecode.swift; path = Upgrade.swift; sourceTree = "<group>"; };
		545317BD2088EF13005EA09C /* PowerUpgrades.json */ = {isa = PBXFileReference; fileEncoding = 4; lastKnownFileType = text.json; path = PowerUpgrades.json; sourceTree = "<group>"; };
		545317BF2088EF27005EA09C /* PriceUpgrades.json */ = {isa = PBXFileReference; fileEncoding = 4; lastKnownFileType = text.json; path = PriceUpgrades.json; sourceTree = "<group>"; };
		546A20A0207509A5009A3EC0 /* WindTurbine.app */ = {isa = PBXFileReference; explicitFileType = wrapper.application; includeInIndex = 0; path = WindTurbine.app; sourceTree = BUILT_PRODUCTS_DIR; };
		546A20A3207509A5009A3EC0 /* AppDelegate.swift */ = {isa = PBXFileReference; lastKnownFileType = sourcecode.swift; path = AppDelegate.swift; sourceTree = "<group>"; };
		546A20A5207509A5009A3EC0 /* GameViewController.swift */ = {isa = PBXFileReference; lastKnownFileType = sourcecode.swift; path = GameViewController.swift; sourceTree = "<group>"; };
		546A20A8207509A5009A3EC0 /* Base */ = {isa = PBXFileReference; lastKnownFileType = file.storyboard; name = Base; path = Base.lproj/Main.storyboard; sourceTree = "<group>"; };
		546A20AA207509A5009A3EC0 /* Assets.xcassets */ = {isa = PBXFileReference; lastKnownFileType = folder.assetcatalog; path = Assets.xcassets; sourceTree = "<group>"; };
		546A20AD207509A5009A3EC0 /* Base */ = {isa = PBXFileReference; lastKnownFileType = file.storyboard; name = Base; path = Base.lproj/LaunchScreen.storyboard; sourceTree = "<group>"; };
		546A20AF207509A5009A3EC0 /* Info.plist */ = {isa = PBXFileReference; lastKnownFileType = text.plist.xml; path = Info.plist; sourceTree = "<group>"; };
		54ABFD57209F359300E7F582 /* ScratchCardBuyCell.xib */ = {isa = PBXFileReference; lastKnownFileType = file.xib; path = ScratchCardBuyCell.xib; sourceTree = "<group>"; };
		54ABFD59209F4B5000E7F582 /* ScratchCardBuyCell.swift */ = {isa = PBXFileReference; lastKnownFileType = sourcecode.swift; path = ScratchCardBuyCell.swift; sourceTree = "<group>"; };
		54D9210620A4555700B45402 /* ScratchCardStore.swift */ = {isa = PBXFileReference; lastKnownFileType = sourcecode.swift; path = ScratchCardStore.swift; sourceTree = "<group>"; };
		54DB2B97209A463F003B8B0B /* BatteryLevelCell.xib */ = {isa = PBXFileReference; lastKnownFileType = file.xib; path = BatteryLevelCell.xib; sourceTree = "<group>"; };
		54DB2B99209A5D31003B8B0B /* ButtonCell.xib */ = {isa = PBXFileReference; lastKnownFileType = file.xib; path = ButtonCell.xib; sourceTree = "<group>"; };
		54DB2B9B209AFBA8003B8B0B /* ButtonCell.swift */ = {isa = PBXFileReference; lastKnownFileType = sourcecode.swift; path = ButtonCell.swift; sourceTree = "<group>"; };
		54FA5282207E002500D2E78E /* UpgradeView+Animations.swift */ = {isa = PBXFileReference; lastKnownFileType = sourcecode.swift; path = "UpgradeView+Animations.swift"; sourceTree = "<group>"; };
		54FA5284207E520300D2E78E /* CloudView.swift */ = {isa = PBXFileReference; lastKnownFileType = sourcecode.swift; path = CloudView.swift; sourceTree = "<group>"; };
		54FA5287207E558D00D2E78E /* BackgroundView.swift */ = {isa = PBXFileReference; lastKnownFileType = sourcecode.swift; path = BackgroundView.swift; sourceTree = "<group>"; };
/* End PBXFileReference section */

/* Begin PBXFrameworksBuildPhase section */
		546A209D207509A5009A3EC0 /* Frameworks */ = {
			isa = PBXFrameworksBuildPhase;
			buildActionMask = 2147483647;
			files = (
			);
			runOnlyForDeploymentPostprocessing = 0;
		};
/* End PBXFrameworksBuildPhase section */

/* Begin PBXGroup section */
		54069D2E209C763B00CF3922 /* Cells */ = {
			isa = PBXGroup;
			children = (
				541C7563207FAC0000D268C4 /* UpgradeViewCell.xib */,
				541C7561207FABB600D268C4 /* UpgradeViewCell.swift */,
				54DB2B99209A5D31003B8B0B /* ButtonCell.xib */,
				54DB2B9B209AFBA8003B8B0B /* ButtonCell.swift */,
				54DB2B97209A463F003B8B0B /* BatteryLevelCell.xib */,
				54069D2F209C766C00CF3922 /* BatteryLevelCell.swift */,
				54069D2A209B4F3A00CF3922 /* ScratchCardCell.xib */,
				54069D31209C768100CF3922 /* ScratchCardCell.swift */,
				54069D2C209C736E00CF3922 /* ScratchCardsMenuCell.xib */,
				54069D33209C768D00CF3922 /* ScratchCardsMenuCell.swift */,
				54ABFD57209F359300E7F582 /* ScratchCardBuyCell.xib */,
				54ABFD59209F4B5000E7F582 /* ScratchCardBuyCell.swift */,
			);
			path = Cells;
			sourceTree = "<group>";
		};
		541C756B20876E7C00D268C4 /* Model */ = {
			isa = PBXGroup;
			children = (
				54069D35209C89D100CF3922 /* Battery.swift */,
				54069D37209DBE8600CF3922 /* ScratchCard.swift */,
				54D9210620A4555700B45402 /* ScratchCardStore.swift */,
				545317BB2088EA39005EA09C /* Upgrade.swift */,
				5410BA4B20A0645C00A7570D /* UpgradeStore.swift */,
				5452C92B207CD037002DB75E /* WindTurbineView.swift */,
				541C756C20876ECD00D268C4 /* Model.swift */,
			);
			path = Model;
			sourceTree = "<group>";
		};
		5452C92F207D3FC2002DB75E /* Extensions */ = {
			isa = PBXGroup;
			children = (
				5452C92D207D3FA5002DB75E /* UIView+Extension.swift */,
				541C756E2087729200D268C4 /* Double+Extension.swift */,
				545317B720889FCD005EA09C /* Dictionary+Extension.swift */,
			);
			path = Extensions;
			sourceTree = "<group>";
		};
		546A2097207509A4009A3EC0 = {
			isa = PBXGroup;
			children = (
				546A20A2207509A5009A3EC0 /* WindTurbine */,
				546A20A1207509A5009A3EC0 /* Products */,
			);
			sourceTree = "<group>";
		};
		546A20A1207509A5009A3EC0 /* Products */ = {
			isa = PBXGroup;
			children = (
				546A20A0207509A5009A3EC0 /* WindTurbine.app */,
			);
			name = Products;
			sourceTree = "<group>";
		};
		546A20A2207509A5009A3EC0 /* WindTurbine */ = {
			isa = PBXGroup;
			children = (
				5452C92F207D3FC2002DB75E /* Extensions */,
				54FA5286207E541700D2E78E /* Animations */,
				546A20A3207509A5009A3EC0 /* AppDelegate.swift */,
				546A20A5207509A5009A3EC0 /* GameViewController.swift */,
				54069D2E209C763B00CF3922 /* Cells */,
				541C756B20876E7C00D268C4 /* Model */,
				54FA5287207E558D00D2E78E /* BackgroundView.swift */,
				541C75702087B6D200D268C4 /* TextLabel.swift */,
				54FA5284207E520300D2E78E /* CloudView.swift */,
				545317B92088E8D3005EA09C /* WindUpgrades.json */,
				545317BD2088EF13005EA09C /* PowerUpgrades.json */,
				545317BF2088EF27005EA09C /* PriceUpgrades.json */,
				5410BA4920A05B0B00A7570D /* BatteryUpgrades.json */,
				546A20A7207509A5009A3EC0 /* Main.storyboard */,
				546A20AA207509A5009A3EC0 /* Assets.xcassets */,
				546A20AC207509A5009A3EC0 /* LaunchScreen.storyboard */,
				546A20AF207509A5009A3EC0 /* Info.plist */,
			);
			path = WindTurbine;
			sourceTree = "<group>";
		};
		54FA5286207E541700D2E78E /* Animations */ = {
			isa = PBXGroup;
			children = (
				54FA5282207E002500D2E78E /* UpgradeView+Animations.swift */,
			);
			path = Animations;
			sourceTree = "<group>";
		};
/* End PBXGroup section */

/* Begin PBXNativeTarget section */
		546A209F207509A5009A3EC0 /* WindTurbine */ = {
			isa = PBXNativeTarget;
			buildConfigurationList = 546A20B2207509A5009A3EC0 /* Build configuration list for PBXNativeTarget "WindTurbine" */;
			buildPhases = (
				546A209C207509A5009A3EC0 /* Sources */,
				546A209D207509A5009A3EC0 /* Frameworks */,
				546A209E207509A5009A3EC0 /* Resources */,
			);
			buildRules = (
			);
			dependencies = (
			);
			name = WindTurbine;
			productName = WindTurbine;
			productReference = 546A20A0207509A5009A3EC0 /* WindTurbine.app */;
			productType = "com.apple.product-type.application";
		};
/* End PBXNativeTarget section */

/* Begin PBXProject section */
		546A2098207509A4009A3EC0 /* Project object */ = {
			isa = PBXProject;
			attributes = {
				LastSwiftUpdateCheck = 0920;
				LastUpgradeCheck = 0920;
				ORGANIZATIONNAME = "Maciej Kowalski";
				TargetAttributes = {
					546A209F207509A5009A3EC0 = {
						CreatedOnToolsVersion = 9.2;
						ProvisioningStyle = Automatic;
					};
				};
			};
			buildConfigurationList = 546A209B207509A4009A3EC0 /* Build configuration list for PBXProject "WindTurbine" */;
			compatibilityVersion = "Xcode 8.0";
			developmentRegion = en;
			hasScannedForEncodings = 0;
			knownRegions = (
				en,
				Base,
			);
			mainGroup = 546A2097207509A4009A3EC0;
			productRefGroup = 546A20A1207509A5009A3EC0 /* Products */;
			projectDirPath = "";
			projectRoot = "";
			targets = (
				546A209F207509A5009A3EC0 /* WindTurbine */,
			);
		};
/* End PBXProject section */

/* Begin PBXResourcesBuildPhase section */
		546A209E207509A5009A3EC0 /* Resources */ = {
			isa = PBXResourcesBuildPhase;
			buildActionMask = 2147483647;
			files = (
				54069D2D209C736E00CF3922 /* ScratchCardsMenuCell.xib in Resources */,
				5410BA4A20A05B0B00A7570D /* BatteryUpgrades.json in Resources */,
				54069D2B209B4F3A00CF3922 /* ScratchCardCell.xib in Resources */,
				54DB2B98209A4640003B8B0B /* BatteryLevelCell.xib in Resources */,
				545317BE2088EF14005EA09C /* PowerUpgrades.json in Resources */,
				545317BA2088E8D3005EA09C /* WindUpgrades.json in Resources */,
				54ABFD58209F359300E7F582 /* ScratchCardBuyCell.xib in Resources */,
				546A20AE207509A5009A3EC0 /* LaunchScreen.storyboard in Resources */,
				546A20AB207509A5009A3EC0 /* Assets.xcassets in Resources */,
				54DB2B9A209A5D32003B8B0B /* ButtonCell.xib in Resources */,
				545317C02088EF27005EA09C /* PriceUpgrades.json in Resources */,
				546A20A9207509A5009A3EC0 /* Main.storyboard in Resources */,
				541C7564207FAC0000D268C4 /* UpgradeViewCell.xib in Resources */,
			);
			runOnlyForDeploymentPostprocessing = 0;
		};
/* End PBXResourcesBuildPhase section */

/* Begin PBXSourcesBuildPhase section */
		546A209C207509A5009A3EC0 /* Sources */ = {
			isa = PBXSourcesBuildPhase;
			buildActionMask = 2147483647;
			files = (
				54069D36209C89D100CF3922 /* Battery.swift in Sources */,
				545317BC2088EA39005EA09C /* Upgrade.swift in Sources */,
				54FA5283207E002500D2E78E /* UpgradeView+Animations.swift in Sources */,
				54D9210720A4555800B45402 /* ScratchCardStore.swift in Sources */,
				541C756F2087729200D268C4 /* Double+Extension.swift in Sources */,
				546A20A6207509A5009A3EC0 /* GameViewController.swift in Sources */,
				54069D38209DBE8600CF3922 /* ScratchCard.swift in Sources */,
				54FA5288207E558D00D2E78E /* BackgroundView.swift in Sources */,
				5452C92C207CD037002DB75E /* WindTurbineView.swift in Sources */,
				54069D34209C768E00CF3922 /* ScratchCardsMenuCell.swift in Sources */,
				541C756D20876ECD00D268C4 /* Model.swift in Sources */,
				54069D30209C766C00CF3922 /* BatteryLevelCell.swift in Sources */,
				54ABFD5A209F4B5000E7F582 /* ScratchCardBuyCell.swift in Sources */,
				541C75712087B6D200D268C4 /* TextLabel.swift in Sources */,
				54069D32209C768100CF3922 /* ScratchCardCell.swift in Sources */,
				5452C92E207D3FA5002DB75E /* UIView+Extension.swift in Sources */,
				5410BA4C20A0645C00A7570D /* UpgradeStore.swift in Sources */,
				546A20A4207509A5009A3EC0 /* AppDelegate.swift in Sources */,
				54DB2B9C209AFBA8003B8B0B /* ButtonCell.swift in Sources */,
				54FA5285207E520300D2E78E /* CloudView.swift in Sources */,
				541C7562207FABB600D268C4 /* UpgradeViewCell.swift in Sources */,
				545317B820889FCD005EA09C /* Dictionary+Extension.swift in Sources */,
			);
			runOnlyForDeploymentPostprocessing = 0;
		};
/* End PBXSourcesBuildPhase section */

/* Begin PBXVariantGroup section */
		546A20A7207509A5009A3EC0 /* Main.storyboard */ = {
			isa = PBXVariantGroup;
			children = (
				546A20A8207509A5009A3EC0 /* Base */,
			);
			name = Main.storyboard;
			sourceTree = "<group>";
		};
		546A20AC207509A5009A3EC0 /* LaunchScreen.storyboard */ = {
			isa = PBXVariantGroup;
			children = (
				546A20AD207509A5009A3EC0 /* Base */,
			);
			name = LaunchScreen.storyboard;
			sourceTree = "<group>";
		};
/* End PBXVariantGroup section */

/* Begin XCBuildConfiguration section */
		546A20B0207509A5009A3EC0 /* Debug */ = {
			isa = XCBuildConfiguration;
			buildSettings = {
				ALWAYS_SEARCH_USER_PATHS = NO;
				CLANG_ANALYZER_NONNULL = YES;
				CLANG_ANALYZER_NUMBER_OBJECT_CONVERSION = YES_AGGRESSIVE;
				CLANG_CXX_LANGUAGE_STANDARD = "gnu++14";
				CLANG_CXX_LIBRARY = "libc++";
				CLANG_ENABLE_MODULES = YES;
				CLANG_ENABLE_OBJC_ARC = YES;
				CLANG_WARN_BLOCK_CAPTURE_AUTORELEASING = YES;
				CLANG_WARN_BOOL_CONVERSION = YES;
				CLANG_WARN_COMMA = YES;
				CLANG_WARN_CONSTANT_CONVERSION = YES;
				CLANG_WARN_DIRECT_OBJC_ISA_USAGE = YES_ERROR;
				CLANG_WARN_DOCUMENTATION_COMMENTS = YES;
				CLANG_WARN_EMPTY_BODY = YES;
				CLANG_WARN_ENUM_CONVERSION = YES;
				CLANG_WARN_INFINITE_RECURSION = YES;
				CLANG_WARN_INT_CONVERSION = YES;
				CLANG_WARN_NON_LITERAL_NULL_CONVERSION = YES;
				CLANG_WARN_OBJC_LITERAL_CONVERSION = YES;
				CLANG_WARN_OBJC_ROOT_CLASS = YES_ERROR;
				CLANG_WARN_RANGE_LOOP_ANALYSIS = YES;
				CLANG_WARN_STRICT_PROTOTYPES = YES;
				CLANG_WARN_SUSPICIOUS_MOVE = YES;
				CLANG_WARN_UNGUARDED_AVAILABILITY = YES_AGGRESSIVE;
				CLANG_WARN_UNREACHABLE_CODE = YES;
				CLANG_WARN__DUPLICATE_METHOD_MATCH = YES;
				CODE_SIGN_IDENTITY = "iPhone Developer";
				COPY_PHASE_STRIP = NO;
				DEBUG_INFORMATION_FORMAT = dwarf;
				ENABLE_STRICT_OBJC_MSGSEND = YES;
				ENABLE_TESTABILITY = YES;
				GCC_C_LANGUAGE_STANDARD = gnu11;
				GCC_DYNAMIC_NO_PIC = NO;
				GCC_NO_COMMON_BLOCKS = YES;
				GCC_OPTIMIZATION_LEVEL = 0;
				GCC_PREPROCESSOR_DEFINITIONS = (
					"DEBUG=1",
					"$(inherited)",
				);
				GCC_WARN_64_TO_32_BIT_CONVERSION = YES;
				GCC_WARN_ABOUT_RETURN_TYPE = YES_ERROR;
				GCC_WARN_UNDECLARED_SELECTOR = YES;
				GCC_WARN_UNINITIALIZED_AUTOS = YES_AGGRESSIVE;
				GCC_WARN_UNUSED_FUNCTION = YES;
				GCC_WARN_UNUSED_VARIABLE = YES;
				IPHONEOS_DEPLOYMENT_TARGET = 11.2;
				MTL_ENABLE_DEBUG_INFO = YES;
				ONLY_ACTIVE_ARCH = YES;
				SDKROOT = iphoneos;
				SWIFT_ACTIVE_COMPILATION_CONDITIONS = DEBUG;
				SWIFT_OPTIMIZATION_LEVEL = "-Onone";
			};
			name = Debug;
		};
		546A20B1207509A5009A3EC0 /* Release */ = {
			isa = XCBuildConfiguration;
			buildSettings = {
				ALWAYS_SEARCH_USER_PATHS = NO;
				CLANG_ANALYZER_NONNULL = YES;
				CLANG_ANALYZER_NUMBER_OBJECT_CONVERSION = YES_AGGRESSIVE;
				CLANG_CXX_LANGUAGE_STANDARD = "gnu++14";
				CLANG_CXX_LIBRARY = "libc++";
				CLANG_ENABLE_MODULES = YES;
				CLANG_ENABLE_OBJC_ARC = YES;
				CLANG_WARN_BLOCK_CAPTURE_AUTORELEASING = YES;
				CLANG_WARN_BOOL_CONVERSION = YES;
				CLANG_WARN_COMMA = YES;
				CLANG_WARN_CONSTANT_CONVERSION = YES;
				CLANG_WARN_DIRECT_OBJC_ISA_USAGE = YES_ERROR;
				CLANG_WARN_DOCUMENTATION_COMMENTS = YES;
				CLANG_WARN_EMPTY_BODY = YES;
				CLANG_WARN_ENUM_CONVERSION = YES;
				CLANG_WARN_INFINITE_RECURSION = YES;
				CLANG_WARN_INT_CONVERSION = YES;
				CLANG_WARN_NON_LITERAL_NULL_CONVERSION = YES;
				CLANG_WARN_OBJC_LITERAL_CONVERSION = YES;
				CLANG_WARN_OBJC_ROOT_CLASS = YES_ERROR;
				CLANG_WARN_RANGE_LOOP_ANALYSIS = YES;
				CLANG_WARN_STRICT_PROTOTYPES = YES;
				CLANG_WARN_SUSPICIOUS_MOVE = YES;
				CLANG_WARN_UNGUARDED_AVAILABILITY = YES_AGGRESSIVE;
				CLANG_WARN_UNREACHABLE_CODE = YES;
				CLANG_WARN__DUPLICATE_METHOD_MATCH = YES;
				CODE_SIGN_IDENTITY = "iPhone Developer";
				COPY_PHASE_STRIP = NO;
				DEBUG_INFORMATION_FORMAT = "dwarf-with-dsym";
				ENABLE_NS_ASSERTIONS = NO;
				ENABLE_STRICT_OBJC_MSGSEND = YES;
				GCC_C_LANGUAGE_STANDARD = gnu11;
				GCC_NO_COMMON_BLOCKS = YES;
				GCC_WARN_64_TO_32_BIT_CONVERSION = YES;
				GCC_WARN_ABOUT_RETURN_TYPE = YES_ERROR;
				GCC_WARN_UNDECLARED_SELECTOR = YES;
				GCC_WARN_UNINITIALIZED_AUTOS = YES_AGGRESSIVE;
				GCC_WARN_UNUSED_FUNCTION = YES;
				GCC_WARN_UNUSED_VARIABLE = YES;
				IPHONEOS_DEPLOYMENT_TARGET = 11.2;
				MTL_ENABLE_DEBUG_INFO = NO;
				SDKROOT = iphoneos;
				SWIFT_OPTIMIZATION_LEVEL = "-Owholemodule";
				VALIDATE_PRODUCT = YES;
			};
			name = Release;
		};
		546A20B3207509A5009A3EC0 /* Debug */ = {
			isa = XCBuildConfiguration;
			buildSettings = {
				ASSETCATALOG_COMPILER_APPICON_NAME = AppIcon;
				CODE_SIGN_STYLE = Automatic;
				DEVELOPMENT_TEAM = PZQNNP7TD4;
				INFOPLIST_FILE = WindTurbine/Info.plist;
				LD_RUNPATH_SEARCH_PATHS = "$(inherited) @executable_path/Frameworks";
				PRODUCT_BUNDLE_IDENTIFIER = com.maciejkowalski.WindTurbine;
				PRODUCT_NAME = "$(TARGET_NAME)";
				SWIFT_VERSION = 4.0;
				TARGETED_DEVICE_FAMILY = "1,2";
			};
			name = Debug;
		};
		546A20B4207509A5009A3EC0 /* Release */ = {
			isa = XCBuildConfiguration;
			buildSettings = {
				ASSETCATALOG_COMPILER_APPICON_NAME = AppIcon;
				CODE_SIGN_STYLE = Automatic;
				DEVELOPMENT_TEAM = PZQNNP7TD4;
				INFOPLIST_FILE = WindTurbine/Info.plist;
				LD_RUNPATH_SEARCH_PATHS = "$(inherited) @executable_path/Frameworks";
				PRODUCT_BUNDLE_IDENTIFIER = com.maciejkowalski.WindTurbine;
				PRODUCT_NAME = "$(TARGET_NAME)";
				SWIFT_VERSION = 4.0;
				TARGETED_DEVICE_FAMILY = "1,2";
			};
			name = Release;
		};
/* End XCBuildConfiguration section */

/* Begin XCConfigurationList section */
		546A209B207509A4009A3EC0 /* Build configuration list for PBXProject "WindTurbine" */ = {
			isa = XCConfigurationList;
			buildConfigurations = (
				546A20B0207509A5009A3EC0 /* Debug */,
				546A20B1207509A5009A3EC0 /* Release */,
			);
			defaultConfigurationIsVisible = 0;
			defaultConfigurationName = Release;
		};
		546A20B2207509A5009A3EC0 /* Build configuration list for PBXNativeTarget "WindTurbine" */ = {
			isa = XCConfigurationList;
			buildConfigurations = (
				546A20B3207509A5009A3EC0 /* Debug */,
				546A20B4207509A5009A3EC0 /* Release */,
			);
			defaultConfigurationIsVisible = 0;
			defaultConfigurationName = Release;
		};
/* End XCConfigurationList section */
	};
	rootObject = 546A2098207509A4009A3EC0 /* Project object */;
}
